
Microsoft Visual Studio Solution File, Format Version 12.00
# Visual Studio Version 17
VisualStudioVersion = 17.5.33414.496
MinimumVisualStudioVersion = 10.0.40219.1
Project("{FAE04EC0-301F-11D3-BF4B-00C04F79EFBC}") = "generacion de vectores en tiempo de ejecucion", "generacion de vectores en tiempo de ejecucion\generacion de vectores en tiempo de ejecucion.csproj", "{0857ED8C-45D7-4AFF-AB63-959207E4ED7D}"
EndProject
Global
	GlobalSection(SolutionConfigurationPlatforms) = preSolution
		Debug|Any CPU = Debug|Any CPU
		Release|Any CPU = Release|Any CPU
	EndGlobalSection
	GlobalSection(ProjectConfigurationPlatforms) = postSolution
		{0857ED8C-45D7-4AFF-AB63-959207E4ED7D}.Debug|Any CPU.ActiveCfg = Debug|Any CPU
		{0857ED8C-45D7-4AFF-AB63-959207E4ED7D}.Debug|Any CPU.Build.0 = Debug|Any CPU
		{0857ED8C-45D7-4AFF-AB63-959207E4ED7D}.Release|Any CPU.ActiveCfg = Release|Any CPU
		{0857ED8C-45D7-4AFF-AB63-959207E4ED7D}.Release|Any CPU.Build.0 = Release|Any CPU
	EndGlobalSection
	GlobalSection(SolutionProperties) = preSolution
		HideSolutionNode = FALSE
	EndGlobalSection
	GlobalSection(ExtensibilityGlobals) = postSolution
		SolutionGuid = {57BA6304-DD26-4281-8904-00C8CFB3689F}
	EndGlobalSection
EndGlobal
